
Microsoft Visual Studio Solution File, Format Version 12.00
# Visual Studio Version 17
VisualStudioVersion = 17.1.32421.90
MinimumVisualStudioVersion = 10.0.40219.1
Project("{FAE04EC0-301F-11D3-BF4B-00C04F79EFBC}") = "RabbitMqConsumer", "RabbitMqConsumer\RabbitMqConsumer.csproj", "{FFE81AA3-1E13-49DB-8671-46566B419444}"
EndProject
Project("{FAE04EC0-301F-11D3-BF4B-00C04F79EFBC}") = "RabbitMqClient", "RabbitMqClient\RabbitMqClient.csproj", "{20B3CEF3-5C0C-45F3-B325-A696E6098BF3}"
EndProject
Global
	GlobalSection(SolutionConfigurationPlatforms) = preSolution
		Debug|Any CPU = Debug|Any CPU
		Release|Any CPU = Release|Any CPU
	EndGlobalSection
	GlobalSection(ProjectConfigurationPlatforms) = postSolution
		{FFE81AA3-1E13-49DB-8671-46566B419444}.Debug|Any CPU.ActiveCfg = Debug|Any CPU
		{FFE81AA3-1E13-49DB-8671-46566B419444}.Debug|Any CPU.Build.0 = Debug|Any CPU
		{FFE81AA3-1E13-49DB-8671-46566B419444}.Release|Any CPU.ActiveCfg = Release|Any CPU
		{FFE81AA3-1E13-49DB-8671-46566B419444}.Release|Any CPU.Build.0 = Release|Any CPU
		{20B3CEF3-5C0C-45F3-B325-A696E6098BF3}.Debug|Any CPU.ActiveCfg = Debug|Any CPU
		{20B3CEF3-5C0C-45F3-B325-A696E6098BF3}.Debug|Any CPU.Build.0 = Debug|Any CPU
		{20B3CEF3-5C0C-45F3-B325-A696E6098BF3}.Release|Any CPU.ActiveCfg = Release|Any CPU
		{20B3CEF3-5C0C-45F3-B325-A696E6098BF3}.Release|Any CPU.Build.0 = Release|Any CPU
	EndGlobalSection
	GlobalSection(SolutionProperties) = preSolution
		HideSolutionNode = FALSE
	EndGlobalSection
	GlobalSection(ExtensibilityGlobals) = postSolution
		SolutionGuid = {24C30D1A-3404-4BF0-B3BA-7A6A63827A3E}
	EndGlobalSection
EndGlobal
